
Microsoft Visual Studio Solution File, Format Version 12.00
# Visual Studio 14
VisualStudioVersion = 14.0.23107.0
MinimumVisualStudioVersion = 10.0.40219.1
Project("{2150E333-8FDC-42A3-9474-1A3956D46DE8}") = "Katas.ClamCard.Specflow", "Katas.ClamCard.Specflow", "{CEBB36D4-F506-4B99-8696-EB9A7BC1996E}"
EndProject
Project("{FAE04EC0-301F-11D3-BF4B-00C04F79EFBC}") = "Katas.ClamCard.Specflow", "src\Katas.ClamCard.Specflow\Katas.ClamCard.Specflow.csproj", "{13AD1CC5-E9FB-4F05-AD30-CECA5C6A9623}"
EndProject
Project("{FAE04EC0-301F-11D3-BF4B-00C04F79EFBC}") = "Katas.ClamCard.Specflow.Tests", "src\Katas.ClamCard.Specflow.Tests\Katas.ClamCard.Specflow.Tests.csproj", "{D500782D-8021-490B-827D-8E470CD6ADEC}"
EndProject
Project("{FAE04EC0-301F-11D3-BF4B-00C04F79EFBC}") = "Katas.ClamCard.Specflow.UnitTest", "src\Katas.ClamCard.Specflow.UnitTest\Katas.ClamCard.Specflow.UnitTest.csproj", "{067456C0-086C-46A8-B37F-1405717B7BFC}"
EndProject
Project("{FAE04EC0-301F-11D3-BF4B-00C04F79EFBC}") = "Katas", "src\Katas\Katas.csproj", "{564491E4-5B32-4584-9C87-F441247D4E09}"
EndProject
Project("{2150E333-8FDC-42A3-9474-1A3956D46DE8}") = "Katas.VideoRental.Specflow", "Katas.VideoRental.Specflow", "{9863A2E4-F6E9-4D37-8DDF-41D8DF1D18E8}"
EndProject
Project("{FAE04EC0-301F-11D3-BF4B-00C04F79EFBC}") = "Katas.VideoRental.Specflow", "src\Katas.VideoRental.Specflow\Katas.VideoRental.Specflow.csproj", "{5D8956F9-20C8-4707-95F3-8C5BDFAE0642}"
EndProject
Project("{FAE04EC0-301F-11D3-BF4B-00C04F79EFBC}") = "Katas.VideoRental.Specflow.UnitTest", "src\Katas.VideoRental.Specflow.UnitTest\Katas.VideoRental.Specflow.UnitTest.csproj", "{C80018B2-8338-4A83-B585-79B4BB45272C}"
EndProject
Project("{FAE04EC0-301F-11D3-BF4B-00C04F79EFBC}") = "Katas.VideoRental.Specflow.Tests", "src\Katas.VideoRental.Specflow.Tests\Katas.VideoRental.Specflow.Tests.csproj", "{201D51A5-BCB4-436F-ADC7-18F14B1435E7}"
EndProject
Project("{2150E333-8FDC-42A3-9474-1A3956D46DE8}") = "Katas.FizzBuzz", "Katas.FizzBuzz", "{67F8DD03-F6C2-4D31-9EB2-715F706A12B9}"
EndProject
Project("{FAE04EC0-301F-11D3-BF4B-00C04F79EFBC}") = "FizzBuzzGenerator", "src\Katas.FizzBuzz\FizzBuzzGenerator\FizzBuzzGenerator.csproj", "{29859766-DC79-4C12-95E8-5A568B94F8CA}"
EndProject
Project("{FAE04EC0-301F-11D3-BF4B-00C04F79EFBC}") = "FizzBuzzTests", "src\Katas.FizzBuzz\FizzBuzzTests\FizzBuzzTests.csproj", "{A6FBABB9-FBB8-4582-82B8-38D94593FB93}"
EndProject
Project("{2150E333-8FDC-42A3-9474-1A3956D46DE8}") = "Katas.Fibonacci", "Katas.Fibonacci", "{77BE76CB-99A3-41D8-91DD-3252D7FDE7D1}"
EndProject
Project("{FAE04EC0-301F-11D3-BF4B-00C04F79EFBC}") = "Katas.Fibonacci", "src\Katas.Fibonacci\Katas.Fibonacci\Katas.Fibonacci.csproj", "{8EB528D4-A5AF-4B9C-BE7F-C12229249038}"
EndProject
Project("{FAE04EC0-301F-11D3-BF4B-00C04F79EFBC}") = "Katas.Fibonacci.UnitTests", "src\Katas.Fibonacci\Katas.Fibonacci.UnitTests\Katas.Fibonacci.UnitTests.csproj", "{EC383129-82A5-4FD1-8DCC-AD0B037E2F86}"
EndProject
Project("{2150E333-8FDC-42A3-9474-1A3956D46DE8}") = "Katas.Fibonacci.2", "Katas.Fibonacci.2", "{C6C4E6D2-38E4-454D-9507-77C474A29829}"
EndProject
Project("{FAE04EC0-301F-11D3-BF4B-00C04F79EFBC}") = "Fibonacci2.UnitTests", "src\Katas.Fibonacci.2\Fibonacci2.UnitTests\Fibonacci2.UnitTests.csproj", "{58831FD6-7F17-4681-ACB0-12921B0495A0}"
EndProject
Project("{FAE04EC0-301F-11D3-BF4B-00C04F79EFBC}") = "Fibonacci2", "src\Katas.Fibonacci.2\Fibonacci2\Fibonacci2.csproj", "{15703F10-A7D3-4089-A7B6-9E17119C8588}"
EndProject
Global
	GlobalSection(SolutionConfigurationPlatforms) = preSolution
		Debug|Any CPU = Debug|Any CPU
		Release|Any CPU = Release|Any CPU
	EndGlobalSection
	GlobalSection(ProjectConfigurationPlatforms) = postSolution
		{13AD1CC5-E9FB-4F05-AD30-CECA5C6A9623}.Debug|Any CPU.ActiveCfg = Debug|Any CPU
		{13AD1CC5-E9FB-4F05-AD30-CECA5C6A9623}.Debug|Any CPU.Build.0 = Debug|Any CPU
		{13AD1CC5-E9FB-4F05-AD30-CECA5C6A9623}.Release|Any CPU.ActiveCfg = Release|Any CPU
		{13AD1CC5-E9FB-4F05-AD30-CECA5C6A9623}.Release|Any CPU.Build.0 = Release|Any CPU
		{D500782D-8021-490B-827D-8E470CD6ADEC}.Debug|Any CPU.ActiveCfg = Debug|Any CPU
		{D500782D-8021-490B-827D-8E470CD6ADEC}.Debug|Any CPU.Build.0 = Debug|Any CPU
		{D500782D-8021-490B-827D-8E470CD6ADEC}.Release|Any CPU.ActiveCfg = Release|Any CPU
		{D500782D-8021-490B-827D-8E470CD6ADEC}.Release|Any CPU.Build.0 = Release|Any CPU
		{067456C0-086C-46A8-B37F-1405717B7BFC}.Debug|Any CPU.ActiveCfg = Debug|Any CPU
		{067456C0-086C-46A8-B37F-1405717B7BFC}.Debug|Any CPU.Build.0 = Debug|Any CPU
		{067456C0-086C-46A8-B37F-1405717B7BFC}.Release|Any CPU.ActiveCfg = Release|Any CPU
		{067456C0-086C-46A8-B37F-1405717B7BFC}.Release|Any CPU.Build.0 = Release|Any CPU
		{564491E4-5B32-4584-9C87-F441247D4E09}.Debug|Any CPU.ActiveCfg = Debug|Any CPU
		{564491E4-5B32-4584-9C87-F441247D4E09}.Debug|Any CPU.Build.0 = Debug|Any CPU
		{564491E4-5B32-4584-9C87-F441247D4E09}.Release|Any CPU.ActiveCfg = Release|Any CPU
		{564491E4-5B32-4584-9C87-F441247D4E09}.Release|Any CPU.Build.0 = Release|Any CPU
		{5D8956F9-20C8-4707-95F3-8C5BDFAE0642}.Debug|Any CPU.ActiveCfg = Debug|Any CPU
		{5D8956F9-20C8-4707-95F3-8C5BDFAE0642}.Debug|Any CPU.Build.0 = Debug|Any CPU
		{5D8956F9-20C8-4707-95F3-8C5BDFAE0642}.Release|Any CPU.ActiveCfg = Release|Any CPU
		{5D8956F9-20C8-4707-95F3-8C5BDFAE0642}.Release|Any CPU.Build.0 = Release|Any CPU
		{C80018B2-8338-4A83-B585-79B4BB45272C}.Debug|Any CPU.ActiveCfg = Debug|Any CPU
		{C80018B2-8338-4A83-B585-79B4BB45272C}.Debug|Any CPU.Build.0 = Debug|Any CPU
		{C80018B2-8338-4A83-B585-79B4BB45272C}.Release|Any CPU.ActiveCfg = Release|Any CPU
		{C80018B2-8338-4A83-B585-79B4BB45272C}.Release|Any CPU.Build.0 = Release|Any CPU
		{201D51A5-BCB4-436F-ADC7-18F14B1435E7}.Debug|Any CPU.ActiveCfg = Debug|Any CPU
		{201D51A5-BCB4-436F-ADC7-18F14B1435E7}.Debug|Any CPU.Build.0 = Debug|Any CPU
		{201D51A5-BCB4-436F-ADC7-18F14B1435E7}.Release|Any CPU.ActiveCfg = Release|Any CPU
		{201D51A5-BCB4-436F-ADC7-18F14B1435E7}.Release|Any CPU.Build.0 = Release|Any CPU
		{29859766-DC79-4C12-95E8-5A568B94F8CA}.Debug|Any CPU.ActiveCfg = Debug|Any CPU
		{29859766-DC79-4C12-95E8-5A568B94F8CA}.Debug|Any CPU.Build.0 = Debug|Any CPU
		{29859766-DC79-4C12-95E8-5A568B94F8CA}.Release|Any CPU.ActiveCfg = Release|Any CPU
		{29859766-DC79-4C12-95E8-5A568B94F8CA}.Release|Any CPU.Build.0 = Release|Any CPU
		{A6FBABB9-FBB8-4582-82B8-38D94593FB93}.Debug|Any CPU.ActiveCfg = Debug|Any CPU
		{A6FBABB9-FBB8-4582-82B8-38D94593FB93}.Debug|Any CPU.Build.0 = Debug|Any CPU
		{A6FBABB9-FBB8-4582-82B8-38D94593FB93}.Release|Any CPU.ActiveCfg = Release|Any CPU
		{A6FBABB9-FBB8-4582-82B8-38D94593FB93}.Release|Any CPU.Build.0 = Release|Any CPU
		{8EB528D4-A5AF-4B9C-BE7F-C12229249038}.Debug|Any CPU.ActiveCfg = Debug|Any CPU
		{8EB528D4-A5AF-4B9C-BE7F-C12229249038}.Debug|Any CPU.Build.0 = Debug|Any CPU
		{8EB528D4-A5AF-4B9C-BE7F-C12229249038}.Release|Any CPU.ActiveCfg = Release|Any CPU
		{8EB528D4-A5AF-4B9C-BE7F-C12229249038}.Release|Any CPU.Build.0 = Release|Any CPU
		{EC383129-82A5-4FD1-8DCC-AD0B037E2F86}.Debug|Any CPU.ActiveCfg = Debug|Any CPU
		{EC383129-82A5-4FD1-8DCC-AD0B037E2F86}.Debug|Any CPU.Build.0 = Debug|Any CPU
		{EC383129-82A5-4FD1-8DCC-AD0B037E2F86}.Release|Any CPU.ActiveCfg = Release|Any CPU
		{EC383129-82A5-4FD1-8DCC-AD0B037E2F86}.Release|Any CPU.Build.0 = Release|Any CPU
		{58831FD6-7F17-4681-ACB0-12921B0495A0}.Debug|Any CPU.ActiveCfg = Debug|Any CPU
		{58831FD6-7F17-4681-ACB0-12921B0495A0}.Debug|Any CPU.Build.0 = Debug|Any CPU
		{58831FD6-7F17-4681-ACB0-12921B0495A0}.Release|Any CPU.ActiveCfg = Release|Any CPU
		{58831FD6-7F17-4681-ACB0-12921B0495A0}.Release|Any CPU.Build.0 = Release|Any CPU
		{15703F10-A7D3-4089-A7B6-9E17119C8588}.Debug|Any CPU.ActiveCfg = Debug|Any CPU
		{15703F10-A7D3-4089-A7B6-9E17119C8588}.Debug|Any CPU.Build.0 = Debug|Any CPU
		{15703F10-A7D3-4089-A7B6-9E17119C8588}.Release|Any CPU.ActiveCfg = Release|Any CPU
		{15703F10-A7D3-4089-A7B6-9E17119C8588}.Release|Any CPU.Build.0 = Release|Any CPU
	EndGlobalSection
	GlobalSection(SolutionProperties) = preSolution
		HideSolutionNode = FALSE
	EndGlobalSection
	GlobalSection(NestedProjects) = preSolution
		{13AD1CC5-E9FB-4F05-AD30-CECA5C6A9623} = {CEBB36D4-F506-4B99-8696-EB9A7BC1996E}
		{D500782D-8021-490B-827D-8E470CD6ADEC} = {CEBB36D4-F506-4B99-8696-EB9A7BC1996E}
		{067456C0-086C-46A8-B37F-1405717B7BFC} = {CEBB36D4-F506-4B99-8696-EB9A7BC1996E}
		{5D8956F9-20C8-4707-95F3-8C5BDFAE0642} = {9863A2E4-F6E9-4D37-8DDF-41D8DF1D18E8}
		{C80018B2-8338-4A83-B585-79B4BB45272C} = {9863A2E4-F6E9-4D37-8DDF-41D8DF1D18E8}
		{201D51A5-BCB4-436F-ADC7-18F14B1435E7} = {9863A2E4-F6E9-4D37-8DDF-41D8DF1D18E8}
		{29859766-DC79-4C12-95E8-5A568B94F8CA} = {67F8DD03-F6C2-4D31-9EB2-715F706A12B9}
		{A6FBABB9-FBB8-4582-82B8-38D94593FB93} = {67F8DD03-F6C2-4D31-9EB2-715F706A12B9}
		{8EB528D4-A5AF-4B9C-BE7F-C12229249038} = {77BE76CB-99A3-41D8-91DD-3252D7FDE7D1}
		{EC383129-82A5-4FD1-8DCC-AD0B037E2F86} = {77BE76CB-99A3-41D8-91DD-3252D7FDE7D1}
		{58831FD6-7F17-4681-ACB0-12921B0495A0} = {C6C4E6D2-38E4-454D-9507-77C474A29829}
		{15703F10-A7D3-4089-A7B6-9E17119C8588} = {C6C4E6D2-38E4-454D-9507-77C474A29829}
	EndGlobalSection
EndGlobal
